
Microsoft Visual Studio Solution File, Format Version 12.00
# Visual Studio Version 17
VisualStudioVersion = 17.10.35027.167
MinimumVisualStudioVersion = 10.0.40219.1
Project("{FAE04EC0-301F-11D3-BF4B-00C04F79EFBC}") = "breakthrough", "breakthrough\breakthrough.csproj", "{00E69FD3-F174-419E-8EF6-A641DEE85359}"
EndProject
Global
	GlobalSection(SolutionConfigurationPlatforms) = preSolution
		Debug|Any CPU = Debug|Any CPU
		Release|Any CPU = Release|Any CPU
	EndGlobalSection
	GlobalSection(ProjectConfigurationPlatforms) = postSolution
		{00E69FD3-F174-419E-8EF6-A641DEE85359}.Debug|Any CPU.ActiveCfg = Debug|Any CPU
		{00E69FD3-F174-419E-8EF6-A641DEE85359}.Debug|Any CPU.Build.0 = Debug|Any CPU
		{00E69FD3-F174-419E-8EF6-A641DEE85359}.Release|Any CPU.ActiveCfg = Release|Any CPU
		{00E69FD3-F174-419E-8EF6-A641DEE85359}.Release|Any CPU.Build.0 = Release|Any CPU
	EndGlobalSection
	GlobalSection(SolutionProperties) = preSolution
		HideSolutionNode = FALSE
	EndGlobalSection
	GlobalSection(ExtensibilityGlobals) = postSolution
		SolutionGuid = {D766BAC8-E488-46D0-9454-3A4C213B4D77}
	EndGlobalSection
EndGlobal
